
Microsoft Visual Studio Solution File, Format Version 12.00
Project("{FAE04EC0-301F-11D3-BF4B-00C04F79EFBC}") = "Calculator.StartUp", "Calculator.StartUp\Calculator.StartUp.csproj", "{D5733103-1102-40F9-BD99-341DC4AC0901}"
EndProject
Global
	GlobalSection(SolutionConfigurationPlatforms) = preSolution
		Debug|Any CPU = Debug|Any CPU
		Release|Any CPU = Release|Any CPU
	EndGlobalSection
	GlobalSection(ProjectConfigurationPlatforms) = postSolution
		{D5733103-1102-40F9-BD99-341DC4AC0901}.Debug|Any CPU.ActiveCfg = Debug|Any CPU
		{D5733103-1102-40F9-BD99-341DC4AC0901}.Debug|Any CPU.Build.0 = Debug|Any CPU
		{D5733103-1102-40F9-BD99-341DC4AC0901}.Release|Any CPU.ActiveCfg = Release|Any CPU
		{D5733103-1102-40F9-BD99-341DC4AC0901}.Release|Any CPU.Build.0 = Release|Any CPU
	EndGlobalSection
EndGlobal
